
Microsoft Visual Studio Solution File, Format Version 12.00
# Visual Studio 15
VisualStudioVersion = 15.0.26124.0
MinimumVisualStudioVersion = 15.0.26124.0
Project("{9A19103F-16F7-4668-BE54-9A1E7A4F7556}") = "AlphaZulu.FoxtrotUniform.Lib", "AlphaZulu.FoxtrotUniform.Lib\AlphaZulu.FoxtrotUniform.Lib.csproj", "{9E60BC21-89F0-46A3-BFB1-302EA10B40D9}"
EndProject
Project("{9A19103F-16F7-4668-BE54-9A1E7A4F7556}") = "AlphaZulu.FoxtrotUniform.Lib.Test", "AlphaZulu.FoxtrotUniform.Lib.Test\AlphaZulu.FoxtrotUniform.Lib.Test.csproj", "{6504F6F2-DB87-48A0-9E20-632D7481DF0F}"
EndProject
Project("{2150E333-8FDC-42A3-9474-1A3956D46DE8}") = "Solution Items", "Solution Items", "{DD90138D-0D11-48DF-A7CF-4CB93DF52C88}"
	ProjectSection(SolutionItems) = preProject
		.codetender = .codetender
		.gitignore = .gitignore
		README.md = README.md
	EndProjectSection
EndProject
Project("{9A19103F-16F7-4668-BE54-9A1E7A4F7556}") = "AlphaZulu.FoxtrotUniform.Func", "AlphaZulu.FoxtrotUniform.Func\AlphaZulu.FoxtrotUniform.Func.csproj", "{495BD3E1-5E2D-490B-A6F4-F2FA77ACCA55}"
EndProject
Project("{9A19103F-16F7-4668-BE54-9A1E7A4F7556}") = "AlphaZulu.FoxtrotUniform.Func.Test", "AlphaZulu.FoxtrotUniform.Func.Test\AlphaZulu.FoxtrotUniform.Func.Test.csproj", "{FFD71E2F-1722-4FA1-97F3-5AA2AD69B44A}"
EndProject
Global
	GlobalSection(SolutionConfigurationPlatforms) = preSolution
		Debug|Any CPU = Debug|Any CPU
		Debug|x64 = Debug|x64
		Debug|x86 = Debug|x86
		Release|Any CPU = Release|Any CPU
		Release|x64 = Release|x64
		Release|x86 = Release|x86
	EndGlobalSection
	GlobalSection(ProjectConfigurationPlatforms) = postSolution
		{9E60BC21-89F0-46A3-BFB1-302EA10B40D9}.Debug|Any CPU.ActiveCfg = Debug|Any CPU
		{9E60BC21-89F0-46A3-BFB1-302EA10B40D9}.Debug|Any CPU.Build.0 = Debug|Any CPU
		{9E60BC21-89F0-46A3-BFB1-302EA10B40D9}.Debug|x64.ActiveCfg = Debug|Any CPU
		{9E60BC21-89F0-46A3-BFB1-302EA10B40D9}.Debug|x64.Build.0 = Debug|Any CPU
		{9E60BC21-89F0-46A3-BFB1-302EA10B40D9}.Debug|x86.ActiveCfg = Debug|Any CPU
		{9E60BC21-89F0-46A3-BFB1-302EA10B40D9}.Debug|x86.Build.0 = Debug|Any CPU
		{9E60BC21-89F0-46A3-BFB1-302EA10B40D9}.Release|Any CPU.ActiveCfg = Release|Any CPU
		{9E60BC21-89F0-46A3-BFB1-302EA10B40D9}.Release|Any CPU.Build.0 = Release|Any CPU
		{9E60BC21-89F0-46A3-BFB1-302EA10B40D9}.Release|x64.ActiveCfg = Release|Any CPU
		{9E60BC21-89F0-46A3-BFB1-302EA10B40D9}.Release|x64.Build.0 = Release|Any CPU
		{9E60BC21-89F0-46A3-BFB1-302EA10B40D9}.Release|x86.ActiveCfg = Release|Any CPU
		{9E60BC21-89F0-46A3-BFB1-302EA10B40D9}.Release|x86.Build.0 = Release|Any CPU
		{6504F6F2-DB87-48A0-9E20-632D7481DF0F}.Debug|Any CPU.ActiveCfg = Debug|Any CPU
		{6504F6F2-DB87-48A0-9E20-632D7481DF0F}.Debug|Any CPU.Build.0 = Debug|Any CPU
		{6504F6F2-DB87-48A0-9E20-632D7481DF0F}.Debug|x64.ActiveCfg = Debug|Any CPU
		{6504F6F2-DB87-48A0-9E20-632D7481DF0F}.Debug|x64.Build.0 = Debug|Any CPU
		{6504F6F2-DB87-48A0-9E20-632D7481DF0F}.Debug|x86.ActiveCfg = Debug|Any CPU
		{6504F6F2-DB87-48A0-9E20-632D7481DF0F}.Debug|x86.Build.0 = Debug|Any CPU
		{6504F6F2-DB87-48A0-9E20-632D7481DF0F}.Release|Any CPU.ActiveCfg = Release|Any CPU
		{6504F6F2-DB87-48A0-9E20-632D7481DF0F}.Release|Any CPU.Build.0 = Release|Any CPU
		{6504F6F2-DB87-48A0-9E20-632D7481DF0F}.Release|x64.ActiveCfg = Release|Any CPU
		{6504F6F2-DB87-48A0-9E20-632D7481DF0F}.Release|x64.Build.0 = Release|Any CPU
		{6504F6F2-DB87-48A0-9E20-632D7481DF0F}.Release|x86.ActiveCfg = Release|Any CPU
		{6504F6F2-DB87-48A0-9E20-632D7481DF0F}.Release|x86.Build.0 = Release|Any CPU
		{495BD3E1-5E2D-490B-A6F4-F2FA77ACCA55}.Debug|Any CPU.ActiveCfg = Debug|Any CPU
		{495BD3E1-5E2D-490B-A6F4-F2FA77ACCA55}.Debug|Any CPU.Build.0 = Debug|Any CPU
		{495BD3E1-5E2D-490B-A6F4-F2FA77ACCA55}.Debug|x64.ActiveCfg = Debug|Any CPU
		{495BD3E1-5E2D-490B-A6F4-F2FA77ACCA55}.Debug|x64.Build.0 = Debug|Any CPU
		{495BD3E1-5E2D-490B-A6F4-F2FA77ACCA55}.Debug|x86.ActiveCfg = Debug|Any CPU
		{495BD3E1-5E2D-490B-A6F4-F2FA77ACCA55}.Debug|x86.Build.0 = Debug|Any CPU
		{495BD3E1-5E2D-490B-A6F4-F2FA77ACCA55}.Release|Any CPU.ActiveCfg = Release|Any CPU
		{495BD3E1-5E2D-490B-A6F4-F2FA77ACCA55}.Release|Any CPU.Build.0 = Release|Any CPU
		{495BD3E1-5E2D-490B-A6F4-F2FA77ACCA55}.Release|x64.ActiveCfg = Release|Any CPU
		{495BD3E1-5E2D-490B-A6F4-F2FA77ACCA55}.Release|x64.Build.0 = Release|Any CPU
		{495BD3E1-5E2D-490B-A6F4-F2FA77ACCA55}.Release|x86.ActiveCfg = Release|Any CPU
		{495BD3E1-5E2D-490B-A6F4-F2FA77ACCA55}.Release|x86.Build.0 = Release|Any CPU
		{FFD71E2F-1722-4FA1-97F3-5AA2AD69B44A}.Debug|Any CPU.ActiveCfg = Debug|Any CPU
		{FFD71E2F-1722-4FA1-97F3-5AA2AD69B44A}.Debug|Any CPU.Build.0 = Debug|Any CPU
		{FFD71E2F-1722-4FA1-97F3-5AA2AD69B44A}.Debug|x64.ActiveCfg = Debug|Any CPU
		{FFD71E2F-1722-4FA1-97F3-5AA2AD69B44A}.Debug|x64.Build.0 = Debug|Any CPU
		{FFD71E2F-1722-4FA1-97F3-5AA2AD69B44A}.Debug|x86.ActiveCfg = Debug|Any CPU
		{FFD71E2F-1722-4FA1-97F3-5AA2AD69B44A}.Debug|x86.Build.0 = Debug|Any CPU
		{FFD71E2F-1722-4FA1-97F3-5AA2AD69B44A}.Release|Any CPU.ActiveCfg = Release|Any CPU
		{FFD71E2F-1722-4FA1-97F3-5AA2AD69B44A}.Release|Any CPU.Build.0 = Release|Any CPU
		{FFD71E2F-1722-4FA1-97F3-5AA2AD69B44A}.Release|x64.ActiveCfg = Release|Any CPU
		{FFD71E2F-1722-4FA1-97F3-5AA2AD69B44A}.Release|x64.Build.0 = Release|Any CPU
		{FFD71E2F-1722-4FA1-97F3-5AA2AD69B44A}.Release|x86.ActiveCfg = Release|Any CPU
		{FFD71E2F-1722-4FA1-97F3-5AA2AD69B44A}.Release|x86.Build.0 = Release|Any CPU
	EndGlobalSection
	GlobalSection(SolutionProperties) = preSolution
		HideSolutionNode = FALSE
	EndGlobalSection
	GlobalSection(ExtensibilityGlobals) = postSolution
		SolutionGuid = {5F0B0830-BBAE-4723-81E2-A166CAAD042C}
	EndGlobalSection
EndGlobal
